Microsoft Visual Studio Solution File, Format Version 11.00
# Visual Studio 2008

Project("{A916A494-37E8-53B9-81AC-DB3616EA8DD7}") = "Side Scrolling Shooter", "Assembly-CSharp.csproj", "{F1FC4175-6E2D-285F-1A4D-C3F143E2F470}"
EndProject
Global
	GlobalSection(SolutionConfigurationPlatforms) = preSolution
		Debug|Any CPU = Debug|Any CPU
		Release|Any CPU = Release|Any CPU
	EndGlobalSection
	GlobalSection(ProjectConfigurationPlatforms) = postSolution
		{F1FC4175-6E2D-285F-1A4D-C3F143E2F470}.Debug|Any CPU.ActiveCfg = Debug|Any CPU
		{F1FC4175-6E2D-285F-1A4D-C3F143E2F470}.Debug|Any CPU.Build.0 = Debug|Any CPU
		{F1FC4175-6E2D-285F-1A4D-C3F143E2F470}.Release|Any CPU.ActiveCfg = Release|Any CPU
		{F1FC4175-6E2D-285F-1A4D-C3F143E2F470}.Release|Any CPU.Build.0 = Release|Any CPU
	EndGlobalSection
	GlobalSection(SolutionProperties) = preSolution
		HideSolutionNode = FALSE
	EndGlobalSection
	GlobalSection(MonoDevelopProperties) = preSolution
		StartupItem = Assembly-CSharp.csproj
	EndGlobalSection
EndGlobal
